// !$*UTF8*$!
{
	archiveVersion = 1;
	classes = {
	};
	objectVersion = 50;
	objects = {

/* Begin PBXBuildFile section */
		B911B83D2446006F00B1D0D6 /* CGPoint++.swift in Sources */ = {isa = PBXBuildFile; fileRef = B911B83C2446006F00B1D0D6 /* CGPoint++.swift */; };
		B911B83F244600B400B1D0D6 /* +EmojiViewDelegate.swift in Sources */ = {isa = PBXBuildFile; fileRef = B911B83E244600B400B1D0D6 /* +EmojiViewDelegate.swift */; };
		B911B841244600FF00B1D0D6 /* EmojiView.swift in Sources */ = {isa = PBXBuildFile; fileRef = B911B840244600FF00B1D0D6 /* EmojiView.swift */; };
		B911B8432446031700B1D0D6 /* Array+.swift in Sources */ = {isa = PBXBuildFile; fileRef = B911B8422446031700B1D0D6 /* Array+.swift */; };
		B934ADA32445A33300404F83 /* +UIDropInteractionDelegate.swift in Sources */ = {isa = PBXBuildFile; fileRef = B934ADA22445A33300404F83 /* +UIDropInteractionDelegate.swift */; };
		B934ADA52445A36400404F83 /* +UICollectionViewDataSource.swift in Sources */ = {isa = PBXBuildFile; fileRef = B934ADA42445A36400404F83 /* +UICollectionViewDataSource.swift */; };
		B934ADA72445A3AB00404F83 /* +UICollectionViewDropDelegate.swift in Sources */ = {isa = PBXBuildFile; fileRef = B934ADA62445A3AB00404F83 /* +UICollectionViewDropDelegate.swift */; };
		B934ADA92445A47100404F83 /* +UICollectionViewDragDelegate.swift in Sources */ = {isa = PBXBuildFile; fileRef = B934ADA82445A47100404F83 /* +UICollectionViewDragDelegate.swift */; };
		B934ADAB2445A4E400404F83 /* +UICollectionViewFlowDelegateLayout.swift in Sources */ = {isa = PBXBuildFile; fileRef = B934ADAA2445A4E400404F83 /* +UICollectionViewFlowDelegateLayout.swift */; };
		B934ADAD2445A51D00404F83 /* URL+imageUrl.swift in Sources */ = {isa = PBXBuildFile; fileRef = B934ADAC2445A51D00404F83 /* URL+imageUrl.swift */; };
		B96650DA241F690800F27A14 /* AppDelegate.swift in Sources */ = {isa = PBXBuildFile; fileRef = B96650D9241F690800F27A14 /* AppDelegate.swift */; };
		B96650DC241F690800F27A14 /* SceneDelegate.swift in Sources */ = {isa = PBXBuildFile; fileRef = B96650DB241F690800F27A14 /* SceneDelegate.swift */; };
		B96650DE241F690800F27A14 /* EmojiArtViewController.swift in Sources */ = {isa = PBXBuildFile; fileRef = B96650DD241F690800F27A14 /* EmojiArtViewController.swift */; };
		B96650E1241F690800F27A14 /* Main.storyboard in Resources */ = {isa = PBXBuildFile; fileRef = B96650DF241F690800F27A14 /* Main.storyboard */; };
		B96650E3241F690B00F27A14 /* Assets.xcassets in Resources */ = {isa = PBXBuildFile; fileRef = B96650E2241F690B00F27A14 /* Assets.xcassets */; };
		B96650E6241F690B00F27A14 /* LaunchScreen.storyboard in Resources */ = {isa = PBXBuildFile; fileRef = B96650E4241F690B00F27A14 /* LaunchScreen.storyboard */; };
		B96650EF241F6E0900F27A14 /* EmojiCollectionViewCell.swift in Sources */ = {isa = PBXBuildFile; fileRef = B96650EE241F6E0900F27A14 /* EmojiCollectionViewCell.swift */; };
		B9B8E4A9241FA60100AAF3E7 /* ImageView.swift in Sources */ = {isa = PBXBuildFile; fileRef = B9B8E4A8241FA60100AAF3E7 /* ImageView.swift */; };
/* End PBXBuildFile section */

/* Begin PBXFileReference section */
		B911B83C2446006F00B1D0D6 /* CGPoint++.swift */ = {isa = PBXFileReference; lastKnownFileType = sourcecode.swift; path = "CGPoint++.swift"; sourceTree = "<group>"; };
		B911B83E244600B400B1D0D6 /* +EmojiViewDelegate.swift */ = {isa = PBXFileReference; lastKnownFileType = sourcecode.swift; path = "+EmojiViewDelegate.swift"; sourceTree = "<group>"; };
		B911B840244600FF00B1D0D6 /* EmojiView.swift */ = {isa = PBXFileReference; lastKnownFileType = sourcecode.swift; path = EmojiView.swift; sourceTree = "<group>"; };
		B911B8422446031700B1D0D6 /* Array+.swift */ = {isa = PBXFileReference; lastKnownFileType = sourcecode.swift; path = "Array+.swift"; sourceTree = "<group>"; };
		B934ADA22445A33300404F83 /* +UIDropInteractionDelegate.swift */ = {isa = PBXFileReference; lastKnownFileType = sourcecode.swift; path = "+UIDropInteractionDelegate.swift"; sourceTree = "<group>"; };
		B934ADA42445A36400404F83 /* +UICollectionViewDataSource.swift */ = {isa = PBXFileReference; lastKnownFileType = sourcecode.swift; path = "+UICollectionViewDataSource.swift"; sourceTree = "<group>"; };
		B934ADA62445A3AB00404F83 /* +UICollectionViewDropDelegate.swift */ = {isa = PBXFileReference; lastKnownFileType = sourcecode.swift; path = "+UICollectionViewDropDelegate.swift"; sourceTree = "<group>"; };
		B934ADA82445A47100404F83 /* +UICollectionViewDragDelegate.swift */ = {isa = PBXFileReference; lastKnownFileType = sourcecode.swift; path = "+UICollectionViewDragDelegate.swift"; sourceTree = "<group>"; };
		B934ADAA2445A4E400404F83 /* +UICollectionViewFlowDelegateLayout.swift */ = {isa = PBXFileReference; lastKnownFileType = sourcecode.swift; path = "+UICollectionViewFlowDelegateLayout.swift"; sourceTree = "<group>"; };
		B934ADAC2445A51D00404F83 /* URL+imageUrl.swift */ = {isa = PBXFileReference; lastKnownFileType = sourcecode.swift; path = "URL+imageUrl.swift"; sourceTree = "<group>"; };
		B96650D6241F690800F27A14 /* EmojiArt.app */ = {isa = PBXFileReference; explicitFileType = wrapper.application; includeInIndex = 0; path = EmojiArt.app; sourceTree = BUILT_PRODUCTS_DIR; };
		B96650D9241F690800F27A14 /* AppDelegate.swift */ = {isa = PBXFileReference; lastKnownFileType = sourcecode.swift; path = AppDelegate.swift; sourceTree = "<group>"; };
		B96650DB241F690800F27A14 /* SceneDelegate.swift */ = {isa = PBXFileReference; lastKnownFileType = sourcecode.swift; path = SceneDelegate.swift; sourceTree = "<group>"; };
		B96650DD241F690800F27A14 /* EmojiArtViewController.swift */ = {isa = PBXFileReference; lastKnownFileType = sourcecode.swift; path = EmojiArtViewController.swift; sourceTree = "<group>"; };
		B96650E0241F690800F27A14 /* Base */ = {isa = PBXFileReference; lastKnownFileType = file.storyboard; name = Base; path = Base.lproj/Main.storyboard; sourceTree = "<group>"; };
		B96650E2241F690B00F27A14 /* Assets.xcassets */ = {isa = PBXFileReference; lastKnownFileType = folder.assetcatalog; path = Assets.xcassets; sourceTree = "<group>"; };
		B96650E5241F690B00F27A14 /* Base */ = {isa = PBXFileReference; lastKnownFileType = file.storyboard; name = Base; path = Base.lproj/LaunchScreen.storyboard; sourceTree = "<group>"; };
		B96650E7241F690B00F27A14 /* Info.plist */ = {isa = PBXFileReference; lastKnownFileType = text.plist.xml; path = Info.plist; sourceTree = "<group>"; };
		B96650EE241F6E0900F27A14 /* EmojiCollectionViewCell.swift */ = {isa = PBXFileReference; lastKnownFileType = sourcecode.swift; path = EmojiCollectionViewCell.swift; sourceTree = "<group>"; };
		B9B8E4A8241FA60100AAF3E7 /* ImageView.swift */ = {isa = PBXFileReference; lastKnownFileType = sourcecode.swift; path = ImageView.swift; sourceTree = "<group>"; };
/* End PBXFileReference section */

/* Begin PBXFrameworksBuildPhase section */
		B96650D3241F690800F27A14 /* Frameworks */ = {
			isa = PBXFrameworksBuildPhase;
			buildActionMask = 2147483647;
			files = (
			);
			runOnlyForDeploymentPostprocessing = 0;
		};
/* End PBXFrameworksBuildPhase section */

/* Begin PBXGroup section */
		B934ADA024459E8C00404F83 /* components */ = {
			isa = PBXGroup;
			children = (
				B96650DF241F690800F27A14 /* Main.storyboard */,
				B9B8E4A8241FA60100AAF3E7 /* ImageView.swift */,
				B96650EE241F6E0900F27A14 /* EmojiCollectionViewCell.swift */,
				B96650DD241F690800F27A14 /* EmojiArtViewController.swift */,
				B934ADA22445A33300404F83 /* +UIDropInteractionDelegate.swift */,
				B934ADA42445A36400404F83 /* +UICollectionViewDataSource.swift */,
				B934ADA62445A3AB00404F83 /* +UICollectionViewDropDelegate.swift */,
				B934ADA82445A47100404F83 /* +UICollectionViewDragDelegate.swift */,
				B934ADAA2445A4E400404F83 /* +UICollectionViewFlowDelegateLayout.swift */,
				B911B840244600FF00B1D0D6 /* EmojiView.swift */,
				B911B83E244600B400B1D0D6 /* +EmojiViewDelegate.swift */,
			);
			path = components;
			sourceTree = "<group>";
		};
		B96650CD241F690800F27A14 = {
			isa = PBXGroup;
			children = (
				B96650D8241F690800F27A14 /* EmojiArt */,
				B96650D7241F690800F27A14 /* Products */,
			);
			sourceTree = "<group>";
		};
		B96650D7241F690800F27A14 /* Products */ = {
			isa = PBXGroup;
			children = (
				B96650D6241F690800F27A14 /* EmojiArt.app */,
			);
			name = Products;
			sourceTree = "<group>";
		};
		B96650D8241F690800F27A14 /* EmojiArt */ = {
			isa = PBXGroup;
			children = (
				B934ADA024459E8C00404F83 /* components */,
				B96650ED241F693000F27A14 /* support */,
				B96650E7241F690B00F27A14 /* Info.plist */,
			);
			path = EmojiArt;
			sourceTree = "<group>";
		};
		B96650ED241F693000F27A14 /* support */ = {
			isa = PBXGroup;
			children = (
				B96650E2241F690B00F27A14 /* Assets.xcassets */,
				B96650D9241F690800F27A14 /* AppDelegate.swift */,
				B96650DB241F690800F27A14 /* SceneDelegate.swift */,
				B96650E4241F690B00F27A14 /* LaunchScreen.storyboard */,
				B934ADAC2445A51D00404F83 /* URL+imageUrl.swift */,
				B911B83C2446006F00B1D0D6 /* CGPoint++.swift */,
				B911B8422446031700B1D0D6 /* Array+.swift */,
			);
			path = support;
			sourceTree = "<group>";
		};
/* End PBXGroup section */

/* Begin PBXNativeTarget section */
		B96650D5241F690800F27A14 /* EmojiArt */ = {
			isa = PBXNativeTarget;
			buildConfigurationList = B96650EA241F690B00F27A14 /* Build configuration list for PBXNativeTarget "EmojiArt" */;
			buildPhases = (
				B96650D2241F690800F27A14 /* Sources */,
				B96650D3241F690800F27A14 /* Frameworks */,
				B96650D4241F690800F27A14 /* Resources */,
			);
			buildRules = (
			);
			dependencies = (
			);
			name = EmojiArt;
			productName = EmojiArt;
			productReference = B96650D6241F690800F27A14 /* EmojiArt.app */;
			productType = "com.apple.product-type.application";
		};
/* End PBXNativeTarget section */

/* Begin PBXProject section */
		B96650CE241F690800F27A14 /* Project object */ = {
			isa = PBXProject;
			attributes = {
				LastSwiftUpdateCheck = 1130;
				LastUpgradeCheck = 1130;
				ORGANIZATIONNAME = user166334;
				TargetAttributes = {
					B96650D5241F690800F27A14 = {
						CreatedOnToolsVersion = 11.3.1;
					};
				};
			};
			buildConfigurationList = B96650D1241F690800F27A14 /* Build configuration list for PBXProject "EmojiArt" */;
			compatibilityVersion = "Xcode 9.3";
			developmentRegion = en;
			hasScannedForEncodings = 0;
			knownRegions = (
				en,
				Base,
			);
			mainGroup = B96650CD241F690800F27A14;
			productRefGroup = B96650D7241F690800F27A14 /* Products */;
			projectDirPath = "";
			projectRoot = "";
			targets = (
				B96650D5241F690800F27A14 /* EmojiArt */,
			);
		};
/* End PBXProject section */

/* Begin PBXResourcesBuildPhase section */
		B96650D4241F690800F27A14 /* Resources */ = {
			isa = PBXResourcesBuildPhase;
			buildActionMask = 2147483647;
			files = (
				B96650E6241F690B00F27A14 /* LaunchScreen.storyboard in Resources */,
				B96650E3241F690B00F27A14 /* Assets.xcassets in Resources */,
				B96650E1241F690800F27A14 /* Main.storyboard in Resources */,
			);
			runOnlyForDeploymentPostprocessing = 0;
		};
/* End PBXResourcesBuildPhase section */

/* Begin PBXSourcesBuildPhase section */
		B96650D2241F690800F27A14 /* Sources */ = {
			isa = PBXSourcesBuildPhase;
			buildActionMask = 2147483647;
			files = (
				B911B83D2446006F00B1D0D6 /* CGPoint++.swift in Sources */,
				B9B8E4A9241FA60100AAF3E7 /* ImageView.swift in Sources */,
				B934ADAB2445A4E400404F83 /* +UICollectionViewFlowDelegateLayout.swift in Sources */,
				B96650DE241F690800F27A14 /* EmojiArtViewController.swift in Sources */,
				B911B8432446031700B1D0D6 /* Array+.swift in Sources */,
				B96650DA241F690800F27A14 /* AppDelegate.swift in Sources */,
				B96650DC241F690800F27A14 /* SceneDelegate.swift in Sources */,
				B934ADA92445A47100404F83 /* +UICollectionViewDragDelegate.swift in Sources */,
				B934ADA32445A33300404F83 /* +UIDropInteractionDelegate.swift in Sources */,
				B934ADA52445A36400404F83 /* +UICollectionViewDataSource.swift in Sources */,
				B911B83F244600B400B1D0D6 /* +EmojiViewDelegate.swift in Sources */,
				B934ADAD2445A51D00404F83 /* URL+imageUrl.swift in Sources */,
				B911B841244600FF00B1D0D6 /* EmojiView.swift in Sources */,
				B934ADA72445A3AB00404F83 /* +UICollectionViewDropDelegate.swift in Sources */,
				B96650EF241F6E0900F27A14 /* EmojiCollectionViewCell.swift in Sources */,
			);
			runOnlyForDeploymentPostprocessing = 0;
		};
/* End PBXSourcesBuildPhase section */

/* Begin PBXVariantGroup section */
		B96650DF241F690800F27A14 /* Main.storyboard */ = {
			isa = PBXVariantGroup;
			children = (
				B96650E0241F690800F27A14 /* Base */,
			);
			name = Main.storyboard;
			sourceTree = "<group>";
		};
		B96650E4241F690B00F27A14 /* LaunchScreen.storyboard */ = {
			isa = PBXVariantGroup;
			children = (
				B96650E5241F690B00F27A14 /* Base */,
			);
			name = LaunchScreen.storyboard;
			sourceTree = "<group>";
		};
/* End PBXVariantGroup section */

/* Begin XCBuildConfiguration section */
		B96650E8241F690B00F27A14 /* Debug */ = {
			isa = XCBuildConfiguration;
			buildSettings = {
				ALWAYS_SEARCH_USER_PATHS = NO;
				CLANG_ANALYZER_NONNULL = YES;
				CLANG_ANALYZER_NUMBER_OBJECT_CONVERSION = YES_AGGRESSIVE;
				CLANG_CXX_LANGUAGE_STANDARD = "gnu++14";
				CLANG_CXX_LIBRARY = "libc++";
				CLANG_ENABLE_MODULES = YES;
				CLANG_ENABLE_OBJC_ARC = YES;
				CLANG_ENABLE_OBJC_WEAK = YES;
				CLANG_WARN_BLOCK_CAPTURE_AUTORELEASING = YES;
				CLANG_WARN_BOOL_CONVERSION = YES;
				CLANG_WARN_COMMA = YES;
				CLANG_WARN_CONSTANT_CONVERSION = YES;
				CLANG_WARN_DEPRECATED_OBJC_IMPLEMENTATIONS = YES;
				CLANG_WARN_DIRECT_OBJC_ISA_USAGE = YES_ERROR;
				CLANG_WARN_DOCUMENTATION_COMMENTS = YES;
				CLANG_WARN_EMPTY_BODY = YES;
				CLANG_WARN_ENUM_CONVERSION = YES;
				CLANG_WARN_INFINITE_RECURSION = YES;
				CLANG_WARN_INT_CONVERSION = YES;
				CLANG_WARN_NON_LITERAL_NULL_CONVERSION = YES;
				CLANG_WARN_OBJC_IMPLICIT_RETAIN_SELF = YES;
				CLANG_WARN_OBJC_LITERAL_CONVERSION = YES;
				CLANG_WARN_OBJC_ROOT_CLASS = YES_ERROR;
				CLANG_WARN_RANGE_LOOP_ANALYSIS = YES;
				CLANG_WARN_STRICT_PROTOTYPES = YES;
				CLANG_WARN_SUSPICIOUS_MOVE = YES;
				CLANG_WARN_UNGUARDED_AVAILABILITY = YES_AGGRESSIVE;
				CLANG_WARN_UNREACHABLE_CODE = YES;
				CLANG_WARN__DUPLICATE_METHOD_MATCH = YES;
				COPY_PHASE_STRIP = NO;
				DEBUG_INFORMATION_FORMAT = dwarf;
				ENABLE_STRICT_OBJC_MSGSEND = YES;
				ENABLE_TESTABILITY = YES;
				GCC_C_LANGUAGE_STANDARD = gnu11;
				GCC_DYNAMIC_NO_PIC = NO;
				GCC_NO_COMMON_BLOCKS = YES;
				GCC_OPTIMIZATION_LEVEL = 0;
				GCC_PREPROCESSOR_DEFINITIONS = (
					"DEBUG=1",
					"$(inherited)",
				);
				GCC_WARN_64_TO_32_BIT_CONVERSION = YES;
				GCC_WARN_ABOUT_RETURN_TYPE = YES_ERROR;
				GCC_WARN_UNDECLARED_SELECTOR = YES;
				GCC_WARN_UNINITIALIZED_AUTOS = YES_AGGRESSIVE;
				GCC_WARN_UNUSED_FUNCTION = YES;
				GCC_WARN_UNUSED_VARIABLE = YES;
				IPHONEOS_DEPLOYMENT_TARGET = 13.2;
				MTL_ENABLE_DEBUG_INFO = INCLUDE_SOURCE;
				MTL_FAST_MATH = YES;
				ONLY_ACTIVE_ARCH = YES;
				SDKROOT = iphoneos;
				SWIFT_ACTIVE_COMPILATION_CONDITIONS = DEBUG;
				SWIFT_OPTIMIZATION_LEVEL = "-Onone";
			};
			name = Debug;
		};
		B96650E9241F690B00F27A14 /* Release */ = {
			isa = XCBuildConfiguration;
			buildSettings = {
				ALWAYS_SEARCH_USER_PATHS = NO;
				CLANG_ANALYZER_NONNULL = YES;
				CLANG_ANALYZER_NUMBER_OBJECT_CONVERSION = YES_AGGRESSIVE;
				CLANG_CXX_LANGUAGE_STANDARD = "gnu++14";
				CLANG_CXX_LIBRARY = "libc++";
				CLANG_ENABLE_MODULES = YES;
				CLANG_ENABLE_OBJC_ARC = YES;
				CLANG_ENABLE_OBJC_WEAK = YES;
				CLANG_WARN_BLOCK_CAPTURE_AUTORELEASING = YES;
				CLANG_WARN_BOOL_CONVERSION = YES;
				CLANG_WARN_COMMA = YES;
				CLANG_WARN_CONSTANT_CONVERSION = YES;
				CLANG_WARN_DEPRECATED_OBJC_IMPLEMENTATIONS = YES;
				CLANG_WARN_DIRECT_OBJC_ISA_USAGE = YES_ERROR;
				CLANG_WARN_DOCUMENTATION_COMMENTS = YES;
				CLANG_WARN_EMPTY_BODY = YES;
				CLANG_WARN_ENUM_CONVERSION = YES;
				CLANG_WARN_INFINITE_RECURSION = YES;
				CLANG_WARN_INT_CONVERSION = YES;
				CLANG_WARN_NON_LITERAL_NULL_CONVERSION = YES;
				CLANG_WARN_OBJC_IMPLICIT_RETAIN_SELF = YES;
				CLANG_WARN_OBJC_LITERAL_CONVERSION = YES;
				CLANG_WARN_OBJC_ROOT_CLASS = YES_ERROR;
				CLANG_WARN_RANGE_LOOP_ANALYSIS = YES;
				CLANG_WARN_STRICT_PROTOTYPES = YES;
				CLANG_WARN_SUSPICIOUS_MOVE = YES;
				CLANG_WARN_UNGUARDED_AVAILABILITY = YES_AGGRESSIVE;
				CLANG_WARN_UNREACHABLE_CODE = YES;
				CLANG_WARN__DUPLICATE_METHOD_MATCH = YES;
				COPY_PHASE_STRIP = NO;
				DEBUG_INFORMATION_FORMAT = "dwarf-with-dsym";
				ENABLE_NS_ASSERTIONS = NO;
				ENABLE_STRICT_OBJC_MSGSEND = YES;
				GCC_C_LANGUAGE_STANDARD = gnu11;
				GCC_NO_COMMON_BLOCKS = YES;
				GCC_WARN_64_TO_32_BIT_CONVERSION = YES;
				GCC_WARN_ABOUT_RETURN_TYPE = YES_ERROR;
				GCC_WARN_UNDECLARED_SELECTOR = YES;
				GCC_WARN_UNINITIALIZED_AUTOS = YES_AGGRESSIVE;
				GCC_WARN_UNUSED_FUNCTION = YES;
				GCC_WARN_UNUSED_VARIABLE = YES;
				IPHONEOS_DEPLOYMENT_TARGET = 13.2;
				MTL_ENABLE_DEBUG_INFO = NO;
				MTL_FAST_MATH = YES;
				SDKROOT = iphoneos;
				SWIFT_COMPILATION_MODE = wholemodule;
				SWIFT_OPTIMIZATION_LEVEL = "-O";
				VALIDATE_PRODUCT = YES;
			};
			name = Release;
		};
		B96650EB241F690B00F27A14 /* Debug */ = {
			isa = XCBuildConfiguration;
			buildSettings = {
				ASSETCATALOG_COMPILER_APPICON_NAME = AppIcon;
				CODE_SIGN_STYLE = Automatic;
				INFOPLIST_FILE = EmojiArt/Info.plist;
				LD_RUNPATH_SEARCH_PATHS = (
					"$(inherited)",
					"@executable_path/Frameworks",
				);
				PRODUCT_BUNDLE_IDENTIFIER = petProject.EmojiArt;
				PRODUCT_NAME = "$(TARGET_NAME)";
				SWIFT_VERSION = 5.0;
				TARGETED_DEVICE_FAMILY = "1,2";
			};
			name = Debug;
		};
		B96650EC241F690B00F27A14 /* Release */ = {
			isa = XCBuildConfiguration;
			buildSettings = {
				ASSETCATALOG_COMPILER_APPICON_NAME = AppIcon;
				CODE_SIGN_STYLE = Automatic;
				INFOPLIST_FILE = EmojiArt/Info.plist;
				LD_RUNPATH_SEARCH_PATHS = (
					"$(inherited)",
					"@executable_path/Frameworks",
				);
				PRODUCT_BUNDLE_IDENTIFIER = petProject.EmojiArt;
				PRODUCT_NAME = "$(TARGET_NAME)";
				SWIFT_VERSION = 5.0;
				TARGETED_DEVICE_FAMILY = "1,2";
			};
			name = Release;
		};
/* End XCBuildConfiguration section */

/* Begin XCConfigurationList section */
		B96650D1241F690800F27A14 /* Build configuration list for PBXProject "EmojiArt" */ = {
			isa = XCConfigurationList;
			buildConfigurations = (
				B96650E8241F690B00F27A14 /* Debug */,
				B96650E9241F690B00F27A14 /* Release */,
			);
			defaultConfigurationIsVisible = 0;
			defaultConfigurationName = Release;
		};
		B96650EA241F690B00F27A14 /* Build configuration list for PBXNativeTarget "EmojiArt" */ = {
			isa = XCConfigurationList;
			buildConfigurations = (
				B96650EB241F690B00F27A14 /* Debug */,
				B96650EC241F690B00F27A14 /* Release */,
			);
			defaultConfigurationIsVisible = 0;
			defaultConfigurationName = Release;
		};
/* End XCConfigurationList section */
	};
	rootObject = B96650CE241F690800F27A14 /* Project object */;
}
